github.com/imdario/go-ulid v0.0.0-20180116185620-aeb52bf96595 h1:8MKHx/6AMMFGslqvr37RF7zktr3eJmY1z2FKdq3Zo/o=
github.com/imdario/go-ulid v0.0.0-20180116185620-aeb52bf96595/go.mod h1:ugPCasYVpR6Cf8xlF0vkZdVKntj7zTgo9pLR4Si7Boo=
github.com/metakeule/osc v0.10.0 h1:Ol0cpUTOPNtCu2rIX6DM/hAT4e4V/R5VpDHDiuXxPCQ=
github.com/metakeule/osc v0.10.0/go.mod h1:w1DQ/7r7bZPKIJpOU9wylYIAvAarMEUKyjcMq19Z0Nw=
github.com/metakeule/osc v0.10.1 h1:qHo03w7FJyomak54ELau6j3sd0zCHfY7o8W85LpYTIs=
github.com/metakeule/osc v0.10.1/go.mod h1:w1DQ/7r7bZPKIJpOU9wylYIAvAarMEUKyjcMq19Z0Nw=
github.com/pkg/errors v0.8.0 h1:WdK/asTD0HN+q6hsWO3/vpuAkAr+tw6aNJNDFFf0+qw=
github.com/pkg/errors v0.8.0/go.mod h1:bwawxfHBFNV+L2hUp1rHADufV3IMtnDRdf1r5NINEl0=
